
Microsoft Visual Studio Solution File, Format Version 12.00
# Visual Studio Version 17
VisualStudioVersion = 17.4.33122.133
MinimumVisualStudioVersion = 10.0.40219.1
Project("{FAE04EC0-301F-11D3-BF4B-00C04F79EFBC}") = "ITMO.WinForm.Lab2.Exercise1", "ITMO.WinForm.Lab2.Exercise1\ITMO.WinForm.Lab2.Exercise1.csproj", "{E0043F52-C13D-4473-B605-727C3CB529D2}"
EndProject
Project("{FAE04EC0-301F-11D3-BF4B-00C04F79EFBC}") = "TestList", "TestList\TestList.csproj", "{6AE28EC0-89E1-417E-98F3-FDFC7D8E0921}"
EndProject
Project("{FAE04EC0-301F-11D3-BF4B-00C04F79EFBC}") = "MdiApplication", "MdiApplication\MdiApplication.csproj", "{0B49B3C4-90A5-46A1-A641-6927565ED4CD}"
EndProject
Project("{FAE04EC0-301F-11D3-BF4B-00C04F79EFBC}") = "WinContainer", "WinContainer\WinContainer.csproj", "{63817AFA-8BF5-4738-A858-783E45B6C6E2}"
EndProject
Project("{FAE04EC0-301F-11D3-BF4B-00C04F79EFBC}") = "BiblWorm", "BiblWorm\BiblWorm.csproj", "{EA2CA44E-232E-4DE3-9C5A-4B69D32BA948}"
EndProject
Project("{FAE04EC0-301F-11D3-BF4B-00C04F79EFBC}") = "RegistrationForm", "RegistrationForm\RegistrationForm.csproj", "{A407EBAE-D9F6-46CE-8C11-BB568911E01C}"
EndProject
Global
	GlobalSection(SolutionConfigurationPlatforms) = preSolution
		Debug|Any CPU = Debug|Any CPU
		Release|Any CPU = Release|Any CPU
	EndGlobalSection
	GlobalSection(ProjectConfigurationPlatforms) = postSolution
		{E0043F52-C13D-4473-B605-727C3CB529D2}.Debug|Any CPU.ActiveCfg = Debug|Any CPU
		{E0043F52-C13D-4473-B605-727C3CB529D2}.Debug|Any CPU.Build.0 = Debug|Any CPU
		{E0043F52-C13D-4473-B605-727C3CB529D2}.Release|Any CPU.ActiveCfg = Release|Any CPU
		{E0043F52-C13D-4473-B605-727C3CB529D2}.Release|Any CPU.Build.0 = Release|Any CPU
		{6AE28EC0-89E1-417E-98F3-FDFC7D8E0921}.Debug|Any CPU.ActiveCfg = Debug|Any CPU
		{6AE28EC0-89E1-417E-98F3-FDFC7D8E0921}.Debug|Any CPU.Build.0 = Debug|Any CPU
		{6AE28EC0-89E1-417E-98F3-FDFC7D8E0921}.Release|Any CPU.ActiveCfg = Release|Any CPU
		{6AE28EC0-89E1-417E-98F3-FDFC7D8E0921}.Release|Any CPU.Build.0 = Release|Any CPU
		{0B49B3C4-90A5-46A1-A641-6927565ED4CD}.Debug|Any CPU.ActiveCfg = Debug|Any CPU
		{0B49B3C4-90A5-46A1-A641-6927565ED4CD}.Debug|Any CPU.Build.0 = Debug|Any CPU
		{0B49B3C4-90A5-46A1-A641-6927565ED4CD}.Release|Any CPU.ActiveCfg = Release|Any CPU
		{0B49B3C4-90A5-46A1-A641-6927565ED4CD}.Release|Any CPU.Build.0 = Release|Any CPU
		{63817AFA-8BF5-4738-A858-783E45B6C6E2}.Debug|Any CPU.ActiveCfg = Debug|Any CPU
		{63817AFA-8BF5-4738-A858-783E45B6C6E2}.Debug|Any CPU.Build.0 = Debug|Any CPU
		{63817AFA-8BF5-4738-A858-783E45B6C6E2}.Release|Any CPU.ActiveCfg = Release|Any CPU
		{63817AFA-8BF5-4738-A858-783E45B6C6E2}.Release|Any CPU.Build.0 = Release|Any CPU
		{EA2CA44E-232E-4DE3-9C5A-4B69D32BA948}.Debug|Any CPU.ActiveCfg = Debug|Any CPU
		{EA2CA44E-232E-4DE3-9C5A-4B69D32BA948}.Debug|Any CPU.Build.0 = Debug|Any CPU
		{EA2CA44E-232E-4DE3-9C5A-4B69D32BA948}.Release|Any CPU.ActiveCfg = Release|Any CPU
		{EA2CA44E-232E-4DE3-9C5A-4B69D32BA948}.Release|Any CPU.Build.0 = Release|Any CPU
		{A407EBAE-D9F6-46CE-8C11-BB568911E01C}.Debug|Any CPU.ActiveCfg = Debug|Any CPU
		{A407EBAE-D9F6-46CE-8C11-BB568911E01C}.Debug|Any CPU.Build.0 = Debug|Any CPU
		{A407EBAE-D9F6-46CE-8C11-BB568911E01C}.Release|Any CPU.ActiveCfg = Release|Any CPU
		{A407EBAE-D9F6-46CE-8C11-BB568911E01C}.Release|Any CPU.Build.0 = Release|Any CPU
	EndGlobalSection
	GlobalSection(SolutionProperties) = preSolution
		HideSolutionNode = FALSE
	EndGlobalSection
	GlobalSection(ExtensibilityGlobals) = postSolution
		SolutionGuid = {3177030B-6DCA-4C73-93A6-AF5C857C0C1A}
	EndGlobalSection
EndGlobal
